
Microsoft Visual Studio Solution File, Format Version 12.00
# Visual Studio Version 16
VisualStudioVersion = 16.0.31729.503
MinimumVisualStudioVersion = 10.0.40219.1
Project("{FAE04EC0-301F-11D3-BF4B-00C04F79EFBC}") = "Protobuf", "Protobuf\Protobuf.csproj", "{EC024B22-DBAF-4706-BF1D-B811B4A2647A}"
EndProject
Global
	GlobalSection(SolutionConfigurationPlatforms) = preSolution
		Debug|Any CPU = Debug|Any CPU
		Release|Any CPU = Release|Any CPU
	EndGlobalSection
	GlobalSection(ProjectConfigurationPlatforms) = postSolution
		{EC024B22-DBAF-4706-BF1D-B811B4A2647A}.Debug|Any CPU.ActiveCfg = Debug|Any CPU
		{EC024B22-DBAF-4706-BF1D-B811B4A2647A}.Debug|Any CPU.Build.0 = Debug|Any CPU
		{EC024B22-DBAF-4706-BF1D-B811B4A2647A}.Release|Any CPU.ActiveCfg = Release|Any CPU
		{EC024B22-DBAF-4706-BF1D-B811B4A2647A}.Release|Any CPU.Build.0 = Release|Any CPU
	EndGlobalSection
	GlobalSection(SolutionProperties) = preSolution
		HideSolutionNode = FALSE
	EndGlobalSection
	GlobalSection(ExtensibilityGlobals) = postSolution
		SolutionGuid = {024C4EA8-5B5A-4966-B84B-FDDBE36DA575}
	EndGlobalSection
EndGlobal
